
Microsoft Visual Studio Solution File, Format Version 12.00
# Visual Studio Version 16
VisualStudioVersion = 25.0.1704.4
MinimumVisualStudioVersion = 10.0.40219.1
Project("{FAE04EC0-301F-11D3-BF4B-00C04F79EFBC}") = "Calendar2", "Calendar2\Calendar2.csproj", "{9B949E94-F8D5-4858-A495-45124FC05348}"
EndProject
Global
	GlobalSection(SolutionConfigurationPlatforms) = preSolution
		Debug|Any CPU = Debug|Any CPU
		Release|Any CPU = Release|Any CPU
	EndGlobalSection
	GlobalSection(ProjectConfigurationPlatforms) = postSolution
		{9B949E94-F8D5-4858-A495-45124FC05348}.Debug|Any CPU.ActiveCfg = Debug|Any CPU
		{9B949E94-F8D5-4858-A495-45124FC05348}.Debug|Any CPU.Build.0 = Debug|Any CPU
		{9B949E94-F8D5-4858-A495-45124FC05348}.Release|Any CPU.ActiveCfg = Release|Any CPU
		{9B949E94-F8D5-4858-A495-45124FC05348}.Release|Any CPU.Build.0 = Release|Any CPU
	EndGlobalSection
	GlobalSection(SolutionProperties) = preSolution
		HideSolutionNode = FALSE
	EndGlobalSection
	GlobalSection(ExtensibilityGlobals) = postSolution
		SolutionGuid = {59AE8ABA-F4D4-47F0-BF65-5876AA2E2331}
	EndGlobalSection
EndGlobal
